{
  "name": "uni-app-template",
  "lockfileVersion": 2,
  "requires": true,
  "packages": {
    "": {
      "dependencies": {
        "@dcloudio/uni-ui": "^1.4.27",
        "supabase-wechat-stable-v2": "^2.0.3"
      }
    },
    "node_modules/@dcloudio/uni-ui": {
      "version": "1.4.27",
      "resolved": "https://registry.npmjs.org/@dcloudio/uni-ui/-/uni-ui-1.4.27.tgz",
      "integrity": "sha512-rum85gViMdOsmbVlb+iWV7V0ZEczaefpCvNaUE8mKjYfgY5NA5XeDOdG+K2Ki4BJ0gAwz8r+2w2EW2lu8XLImg=="
    },
    "node_modules/phoenix": {
      "version": "1.7.2",
      "resolved": "https://registry.npmjs.org/phoenix/-/phoenix-1.7.2.tgz",
      "integrity": "sha512-jwWDOsUNEQZkLNSwzfLJ6AMFUkyZ+ILU+NkBBtoAK020QPpV/dYEQHGMQoFScj89MFjJlLdkE1W97i8S+4FdGg=="
    },
    "node_modules/supabase-wechat-stable-v2": {
      "version": "2.0.3",
      "resolved": "https://registry.npmjs.org/supabase-wechat-stable-v2/-/supabase-wechat-stable-v2-2.0.3.tgz",
      "integrity": "sha512-Lc/c0ZRGX1zlCS2jL/Prz0Zv0k1p6Vl9f5f3RnAlAR7bFrrLGRUxAiMmcI7p0SwlW1rrDOhEucpZhZJ2PfEVTA==",
      "dependencies": {
        "phoenix": "^1.6.16"
      }
    }
  },
  "dependencies": {
    "@dcloudio/uni-ui": {
      "version": "1.4.27",
      "resolved": "https://registry.npmjs.org/@dcloudio/uni-ui/-/uni-ui-1.4.27.tgz",
      "integrity": "sha512-rum85gViMdOsmbVlb+iWV7V0ZEczaefpCvNaUE8mKjYfgY5NA5XeDOdG+K2Ki4BJ0gAwz8r+2w2EW2lu8XLImg=="
    },
    "phoenix": {
      "version": "1.7.2",
      "resolved": "https://registry.npmjs.org/phoenix/-/phoenix-1.7.2.tgz",
      "integrity": "sha512-jwWDOsUNEQZkLNSwzfLJ6AMFUkyZ+ILU+NkBBtoAK020QPpV/dYEQHGMQoFScj89MFjJlLdkE1W97i8S+4FdGg=="
    },
    "supabase-wechat-stable-v2": {
      "version": "2.0.3",
      "resolved": "https://registry.npmjs.org/supabase-wechat-stable-v2/-/supabase-wechat-stable-v2-2.0.3.tgz",
      "integrity": "sha512-Lc/c0ZRGX1zlCS2jL/Prz0Zv0k1p6Vl9f5f3RnAlAR7bFrrLGRUxAiMmcI7p0SwlW1rrDOhEucpZhZJ2PfEVTA==",
      "requires": {
        "phoenix": "^1.6.16"
      }
    }
  }
}
